{
  "originHash" : "5c2dcd409e89ebac581eee7e041df225da3e7a3fa858fb2776a0cd885858713a",
  "pins" : [
    {
      "identity" : "bootstrapstarter",
      "kind" : "remoteSourceControl",
      "location" : "https://github.com/tomieq/BootstrapStarter",
      "state" : {
        "branch" : "master",
        "revision" : "437e3252af95a25bc6b476608d5607d578b71866"
      }
    },
    {
      "identity" : "sqlite.swift",
      "kind" : "remoteSourceControl",
      "location" : "https://github.com/stephencelis/SQLite.swift.git",
      "state" : {
        "revision" : "a95fc6df17d108bd99210db5e8a9bac90fe984b8",
        "version" : "0.15.3"
      }
    },
    {
      "identity" : "swifter",
      "kind" : "remoteSourceControl",
      "location" : "https://github.com/tomieq/swifter",
      "state" : {
        "revision" : "6ca65be6f0103edf1e3385ed9be86a76286613ef",
        "version" : "3.1.0"
      }
    },
    {
      "identity" : "swiftextensions",
      "kind" : "remoteSourceControl",
      "location" : "https://github.com/tomieq/SwiftExtensions",
      "state" : {
        "branch" : "master",
        "revision" : "4dd19f78ce999a08421eb6f1e0e72b0b87003670"
      }
    },
    {
      "identity" : "swiftgd",
      "kind" : "remoteSourceControl",
      "location" : "https://github.com/twostraws/SwiftGD",
      "state" : {
        "branch" : "main",
        "revision" : "07650dcb343d5b045598459fd3aad0936e0259bf"
      }
    },
    {
      "identity" : "template.swift",
      "kind" : "remoteSourceControl",
      "location" : "https://github.com/tomieq/Template.swift.git",
      "state" : {
        "revision" : "302854a17e2f38ba6a9cb79a46689884a44b5f70",
        "version" : "1.6.0"
      }
    }
  ],
  "version" : 3
}
